
Microsoft Visual Studio Solution File, Format Version 10.00
# Visual Studio 2008
Project("{F2A71F9B-5D33-465A-A702-920D77279786}") = "datagridview", "datagridview.fsproj", "{817D62FD-096F-4DB9-838E-7809067237A4}"
EndProject
Global
	GlobalSection(SolutionConfigurationPlatforms) = preSolution
		Debug|Any CPU = Debug|Any CPU
		Release|Any CPU = Release|Any CPU
	EndGlobalSection
	GlobalSection(ProjectConfigurationPlatforms) = postSolution
		{817D62FD-096F-4DB9-838E-7809067237A4}.Debug|Any CPU.ActiveCfg = Debug|Any CPU
		{817D62FD-096F-4DB9-838E-7809067237A4}.Debug|Any CPU.Build.0 = Debug|Any CPU
		{817D62FD-096F-4DB9-838E-7809067237A4}.Release|Any CPU.ActiveCfg = Release|Any CPU
		{817D62FD-096F-4DB9-838E-7809067237A4}.Release|Any CPU.Build.0 = Release|Any CPU
	EndGlobalSection
	GlobalSection(SolutionProperties) = preSolution
		HideSolutionNode = FALSE
	EndGlobalSection
EndGlobal
