
Microsoft Visual Studio Solution File, Format Version 10.00
# Visual Studio 2008
Project("{F2A71F9B-5D33-465A-A702-920D77279786}") = "guiMailbox", "guiMailbox.fsproj", "{0B71077A-D0AC-4AD9-BAA0-0B19F913853E}"
EndProject
Global
	GlobalSection(SolutionConfigurationPlatforms) = preSolution
		Debug|Any CPU = Debug|Any CPU
		Release|Any CPU = Release|Any CPU
	EndGlobalSection
	GlobalSection(ProjectConfigurationPlatforms) = postSolution
		{0B71077A-D0AC-4AD9-BAA0-0B19F913853E}.Debug|Any CPU.ActiveCfg = Debug|Any CPU
		{0B71077A-D0AC-4AD9-BAA0-0B19F913853E}.Debug|Any CPU.Build.0 = Debug|Any CPU
		{0B71077A-D0AC-4AD9-BAA0-0B19F913853E}.Release|Any CPU.ActiveCfg = Release|Any CPU
		{0B71077A-D0AC-4AD9-BAA0-0B19F913853E}.Release|Any CPU.Build.0 = Release|Any CPU
	EndGlobalSection
	GlobalSection(SolutionProperties) = preSolution
		HideSolutionNode = FALSE
	EndGlobalSection
EndGlobal
