
Microsoft Visual Studio Solution File, Format Version 10.00
# Visual Studio 2008
Project("{F2A71F9B-5D33-465A-A702-920D77279786}") = "properties", "properties.fsproj", "{39F798CA-6018-412C-AE45-5973B6A7C85B}"
EndProject
Global
	GlobalSection(SolutionConfigurationPlatforms) = preSolution
		Debug|Any CPU = Debug|Any CPU
		Release|Any CPU = Release|Any CPU
	EndGlobalSection
	GlobalSection(ProjectConfigurationPlatforms) = postSolution
		{39F798CA-6018-412C-AE45-5973B6A7C85B}.Debug|Any CPU.ActiveCfg = Debug|Any CPU
		{39F798CA-6018-412C-AE45-5973B6A7C85B}.Debug|Any CPU.Build.0 = Debug|Any CPU
		{39F798CA-6018-412C-AE45-5973B6A7C85B}.Release|Any CPU.ActiveCfg = Release|Any CPU
		{39F798CA-6018-412C-AE45-5973B6A7C85B}.Release|Any CPU.Build.0 = Release|Any CPU
	EndGlobalSection
	GlobalSection(SolutionProperties) = preSolution
		HideSolutionNode = FALSE
	EndGlobalSection
EndGlobal
