
Microsoft Visual Studio Solution File, Format Version 10.00
# Visual Studio 2008
Project("{F2A71F9B-5D33-465A-A702-920D77279786}") = "quotations", "quotations.fsproj", "{4C422176-18AE-4165-BE4E-443C974D4B7F}"
EndProject
Global
	GlobalSection(SolutionConfigurationPlatforms) = preSolution
		Debug|Any CPU = Debug|Any CPU
		Release|Any CPU = Release|Any CPU
	EndGlobalSection
	GlobalSection(ProjectConfigurationPlatforms) = postSolution
		{4C422176-18AE-4165-BE4E-443C974D4B7F}.Debug|Any CPU.ActiveCfg = Debug|Any CPU
		{4C422176-18AE-4165-BE4E-443C974D4B7F}.Debug|Any CPU.Build.0 = Debug|Any CPU
		{4C422176-18AE-4165-BE4E-443C974D4B7F}.Release|Any CPU.ActiveCfg = Release|Any CPU
		{4C422176-18AE-4165-BE4E-443C974D4B7F}.Release|Any CPU.Build.0 = Release|Any CPU
	EndGlobalSection
	GlobalSection(SolutionProperties) = preSolution
		HideSolutionNode = FALSE
	EndGlobalSection
EndGlobal
