
Microsoft Visual Studio Solution File, Format Version 11.00
# Visual Studio 2010
Project("{F2A71F9B-5D33-465A-A702-920D77279786}") = "fsi", "fsi.fsproj", "{AAD5ED43-2130-4D02-AEF9-B551B084FF0E}"
EndProject
Global
	GlobalSection(SolutionConfigurationPlatforms) = preSolution
		Debug|Any CPU = Debug|Any CPU
		Release|Any CPU = Release|Any CPU
	EndGlobalSection
	GlobalSection(ProjectConfigurationPlatforms) = postSolution
		{AAD5ED43-2130-4D02-AEF9-B551B084FF0E}.Debug|Any CPU.ActiveCfg = Debug|Any CPU
		{AAD5ED43-2130-4D02-AEF9-B551B084FF0E}.Debug|Any CPU.Build.0 = Debug|Any CPU
		{AAD5ED43-2130-4D02-AEF9-B551B084FF0E}.Release|Any CPU.ActiveCfg = Release|Any CPU
		{AAD5ED43-2130-4D02-AEF9-B551B084FF0E}.Release|Any CPU.Build.0 = Release|Any CPU
	EndGlobalSection
	GlobalSection(SolutionProperties) = preSolution
		HideSolutionNode = FALSE
	EndGlobalSection
EndGlobal
