
Microsoft Visual Studio Solution File, Format Version 10.00
# Visual Studio 2008
Project("{F2A71F9B-5D33-465A-A702-920D77279786}") = "configuration", "configuration.fsproj", "{D2454BE1-E4D8-4CE7-97D7-22151BD4237E}"
EndProject
Global
	GlobalSection(SolutionConfigurationPlatforms) = preSolution
		Debug|Any CPU = Debug|Any CPU
		Release|Any CPU = Release|Any CPU
	EndGlobalSection
	GlobalSection(ProjectConfigurationPlatforms) = postSolution
		{D2454BE1-E4D8-4CE7-97D7-22151BD4237E}.Debug|Any CPU.ActiveCfg = Debug|Any CPU
		{D2454BE1-E4D8-4CE7-97D7-22151BD4237E}.Debug|Any CPU.Build.0 = Debug|Any CPU
		{D2454BE1-E4D8-4CE7-97D7-22151BD4237E}.Release|Any CPU.ActiveCfg = Release|Any CPU
		{D2454BE1-E4D8-4CE7-97D7-22151BD4237E}.Release|Any CPU.Build.0 = Release|Any CPU
	EndGlobalSection
	GlobalSection(SolutionProperties) = preSolution
		HideSolutionNode = FALSE
	EndGlobalSection
EndGlobal
