
Microsoft Visual Studio Solution File, Format Version 10.00
# Visual Studio 2008
Project("{F2A71F9B-5D33-465A-A702-920D77279786}") = "implicitClasses", "implicitClasses.fsproj", "{A19E214E-F481-4621-BA6E-6D8FDB7C4E78}"
EndProject
Global
	GlobalSection(SolutionConfigurationPlatforms) = preSolution
		Debug|Any CPU = Debug|Any CPU
		Release|Any CPU = Release|Any CPU
	EndGlobalSection
	GlobalSection(ProjectConfigurationPlatforms) = postSolution
		{A19E214E-F481-4621-BA6E-6D8FDB7C4E78}.Debug|Any CPU.ActiveCfg = Debug|Any CPU
		{A19E214E-F481-4621-BA6E-6D8FDB7C4E78}.Debug|Any CPU.Build.0 = Debug|Any CPU
		{A19E214E-F481-4621-BA6E-6D8FDB7C4E78}.Release|Any CPU.ActiveCfg = Release|Any CPU
		{A19E214E-F481-4621-BA6E-6D8FDB7C4E78}.Release|Any CPU.Build.0 = Release|Any CPU
	EndGlobalSection
	GlobalSection(SolutionProperties) = preSolution
		HideSolutionNode = FALSE
	EndGlobalSection
EndGlobal
