
Microsoft Visual Studio Solution File, Format Version 10.00
# Visual Studio 2008
Project("{F2A71F9B-5D33-465A-A702-920D77279786}") = "datagridview", "datagridview.fsproj", "{F2984B0A-FB54-4D5B-84B4-3E9755691BA3}"
EndProject
Global
	GlobalSection(SolutionConfigurationPlatforms) = preSolution
		Debug|Any CPU = Debug|Any CPU
		Release|Any CPU = Release|Any CPU
	EndGlobalSection
	GlobalSection(ProjectConfigurationPlatforms) = postSolution
		{F2984B0A-FB54-4D5B-84B4-3E9755691BA3}.Debug|Any CPU.ActiveCfg = Debug|Any CPU
		{F2984B0A-FB54-4D5B-84B4-3E9755691BA3}.Debug|Any CPU.Build.0 = Debug|Any CPU
		{F2984B0A-FB54-4D5B-84B4-3E9755691BA3}.Release|Any CPU.ActiveCfg = Release|Any CPU
		{F2984B0A-FB54-4D5B-84B4-3E9755691BA3}.Release|Any CPU.Build.0 = Release|Any CPU
	EndGlobalSection
	GlobalSection(SolutionProperties) = preSolution
		HideSolutionNode = FALSE
	EndGlobalSection
EndGlobal
