
Microsoft Visual Studio Solution File, Format Version 10.00
# Visual Studio 2008
Project("{F2A71F9B-5D33-465A-A702-920D77279786}") = "simpleAsync", "simpleAsync.fsproj", "{EEE4C311-8A43-4AFB-B9EC-30C506065F87}"
EndProject
Global
	GlobalSection(SolutionConfigurationPlatforms) = preSolution
		Debug|Any CPU = Debug|Any CPU
		Release|Any CPU = Release|Any CPU
	EndGlobalSection
	GlobalSection(ProjectConfigurationPlatforms) = postSolution
		{EEE4C311-8A43-4AFB-B9EC-30C506065F87}.Debug|Any CPU.ActiveCfg = Debug|Any CPU
		{EEE4C311-8A43-4AFB-B9EC-30C506065F87}.Debug|Any CPU.Build.0 = Debug|Any CPU
		{EEE4C311-8A43-4AFB-B9EC-30C506065F87}.Release|Any CPU.ActiveCfg = Release|Any CPU
		{EEE4C311-8A43-4AFB-B9EC-30C506065F87}.Release|Any CPU.Build.0 = Release|Any CPU
	EndGlobalSection
	GlobalSection(SolutionProperties) = preSolution
		HideSolutionNode = FALSE
	EndGlobalSection
EndGlobal
