
Microsoft Visual Studio Solution File, Format Version 10.00
# Visual Studio 2008
Project("{F2A71F9B-5D33-465A-A702-920D77279786}") = "adonet", "adonet.fsproj", "{FB8A0914-3D98-402E-A9A5-0066A5C7CB93}"
EndProject
Global
	GlobalSection(SolutionConfigurationPlatforms) = preSolution
		Debug|Any CPU = Debug|Any CPU
		Release|Any CPU = Release|Any CPU
	EndGlobalSection
	GlobalSection(ProjectConfigurationPlatforms) = postSolution
		{FB8A0914-3D98-402E-A9A5-0066A5C7CB93}.Debug|Any CPU.ActiveCfg = Debug|Any CPU
		{FB8A0914-3D98-402E-A9A5-0066A5C7CB93}.Debug|Any CPU.Build.0 = Debug|Any CPU
		{FB8A0914-3D98-402E-A9A5-0066A5C7CB93}.Release|Any CPU.ActiveCfg = Release|Any CPU
		{FB8A0914-3D98-402E-A9A5-0066A5C7CB93}.Release|Any CPU.Build.0 = Release|Any CPU
	EndGlobalSection
	GlobalSection(SolutionProperties) = preSolution
		HideSolutionNode = FALSE
	EndGlobalSection
EndGlobal
