
Microsoft Visual Studio Solution File, Format Version 10.00
# Visual Studio 2008
Project("{F2A71F9B-5D33-465A-A702-920D77279786}") = "quotations2", "quotations2.fsproj", "{15CC2804-862A-47F9-BC18-1AA0B6CF7B55}"
EndProject
Global
	GlobalSection(SolutionConfigurationPlatforms) = preSolution
		Debug|Any CPU = Debug|Any CPU
		Release|Any CPU = Release|Any CPU
	EndGlobalSection
	GlobalSection(ProjectConfigurationPlatforms) = postSolution
		{15CC2804-862A-47F9-BC18-1AA0B6CF7B55}.Debug|Any CPU.ActiveCfg = Debug|Any CPU
		{15CC2804-862A-47F9-BC18-1AA0B6CF7B55}.Debug|Any CPU.Build.0 = Debug|Any CPU
		{15CC2804-862A-47F9-BC18-1AA0B6CF7B55}.Release|Any CPU.ActiveCfg = Release|Any CPU
		{15CC2804-862A-47F9-BC18-1AA0B6CF7B55}.Release|Any CPU.Build.0 = Release|Any CPU
	EndGlobalSection
	GlobalSection(SolutionProperties) = preSolution
		HideSolutionNode = FALSE
	EndGlobalSection
EndGlobal
