
Microsoft Visual Studio Solution File, Format Version 10.00
# Visual Studio 2008
Project("{F2A71F9B-5D33-465A-A702-920D77279786}") = "firebird", "firebird.fsproj", "{6014082E-2E16-4622-923F-9C8CAF3BD835}"
EndProject
Global
	GlobalSection(SolutionConfigurationPlatforms) = preSolution
		Debug|Any CPU = Debug|Any CPU
		Release|Any CPU = Release|Any CPU
	EndGlobalSection
	GlobalSection(ProjectConfigurationPlatforms) = postSolution
		{6014082E-2E16-4622-923F-9C8CAF3BD835}.Debug|Any CPU.ActiveCfg = Debug|Any CPU
		{6014082E-2E16-4622-923F-9C8CAF3BD835}.Debug|Any CPU.Build.0 = Debug|Any CPU
		{6014082E-2E16-4622-923F-9C8CAF3BD835}.Release|Any CPU.ActiveCfg = Release|Any CPU
		{6014082E-2E16-4622-923F-9C8CAF3BD835}.Release|Any CPU.Build.0 = Release|Any CPU
	EndGlobalSection
	GlobalSection(SolutionProperties) = preSolution
		HideSolutionNode = FALSE
	EndGlobalSection
EndGlobal
